// !$*UTF8*$!
{
	archiveVersion = 1;
	classes = {
	};
	objectVersion = 56;
	objects = {

/* Begin PBXBuildFile section */
		D98FFC1F2B0D241C0056880A /* FitNotes_SwiftUIApp.swift in Sources */ = {isa = PBXBuildFile; fileRef = D98FFC1E2B0D241C0056880A /* FitNotes_SwiftUIApp.swift */; };
		D98FFC212B0D241C0056880A /* ContentView.swift in Sources */ = {isa = PBXBuildFile; fileRef = D98FFC202B0D241C0056880A /* ContentView.swift */; };
		D98FFC232B0D241E0056880A /* Assets.xcassets in Resources */ = {isa = PBXBuildFile; fileRef = D98FFC222B0D241E0056880A /* Assets.xcassets */; };
		D98FFC262B0D241E0056880A /* Preview Assets.xcassets in Resources */ = {isa = PBXBuildFile; fileRef = D98FFC252B0D241E0056880A /* Preview Assets.xcassets */; };
		D98FFC2D2B0D267E0056880A /* CalendarCellView.swift in Sources */ = {isa = PBXBuildFile; fileRef = D98FFC2C2B0D267E0056880A /* CalendarCellView.swift */; };
		D98FFC2F2B0F63270056880A /* CalendarViewModel.swift in Sources */ = {isa = PBXBuildFile; fileRef = D98FFC2E2B0F63270056880A /* CalendarViewModel.swift */; };
		D98FFC312B0F6F8C0056880A /* HomeView.swift in Sources */ = {isa = PBXBuildFile; fileRef = D98FFC302B0F6F8C0056880A /* HomeView.swift */; };
		D98FFC332B0FAC240056880A /* AddWorkoutView.swift in Sources */ = {isa = PBXBuildFile; fileRef = D98FFC322B0FAC240056880A /* AddWorkoutView.swift */; };
		D98FFC352B137BF80056880A /* WorkoutOverviewView.swift in Sources */ = {isa = PBXBuildFile; fileRef = D98FFC342B137BF80056880A /* WorkoutOverviewView.swift */; };
		D98FFC382B13817D0056880A /* Collections in Frameworks */ = {isa = PBXBuildFile; productRef = D98FFC372B13817D0056880A /* Collections */; };
		D98FFC3A2B13817D0056880A /* DequeModule in Frameworks */ = {isa = PBXBuildFile; productRef = D98FFC392B13817D0056880A /* DequeModule */; };
		D98FFC3C2B13817D0056880A /* OrderedCollections in Frameworks */ = {isa = PBXBuildFile; productRef = D98FFC3B2B13817D0056880A /* OrderedCollections */; };
		D98FFC882B13C1B60056880A /* GoogleService-Info.plist in Resources */ = {isa = PBXBuildFile; fileRef = D98FFC872B13C1B60056880A /* GoogleService-Info.plist */; };
		D98FFC952B13C2D90056880A /* FirestoreManager.swift in Sources */ = {isa = PBXBuildFile; fileRef = D98FFC942B13C2D90056880A /* FirestoreManager.swift */; };
		D98FFC982B1511340056880A /* FirebaseAnalytics in Frameworks */ = {isa = PBXBuildFile; productRef = D98FFC972B1511340056880A /* FirebaseAnalytics */; };
		D98FFC9A2B1511340056880A /* FirebaseAnalyticsOnDeviceConversion in Frameworks */ = {isa = PBXBuildFile; productRef = D98FFC992B1511340056880A /* FirebaseAnalyticsOnDeviceConversion */; };
		D98FFC9C2B1511340056880A /* FirebaseAnalyticsSwift in Frameworks */ = {isa = PBXBuildFile; productRef = D98FFC9B2B1511340056880A /* FirebaseAnalyticsSwift */; };
		D98FFC9E2B1511340056880A /* FirebaseAnalyticsWithoutAdIdSupport in Frameworks */ = {isa = PBXBuildFile; productRef = D98FFC9D2B1511340056880A /* FirebaseAnalyticsWithoutAdIdSupport */; };
		D98FFCA02B1511340056880A /* FirebaseAppCheck in Frameworks */ = {isa = PBXBuildFile; productRef = D98FFC9F2B1511340056880A /* FirebaseAppCheck */; };
		D98FFCA22B1511340056880A /* FirebaseAppDistribution-Beta in Frameworks */ = {isa = PBXBuildFile; productRef = D98FFCA12B1511340056880A /* FirebaseAppDistribution-Beta */; };
		D98FFCA42B1511340056880A /* FirebaseAuth in Frameworks */ = {isa = PBXBuildFile; productRef = D98FFCA32B1511340056880A /* FirebaseAuth */; };
		D98FFCA62B1511340056880A /* FirebaseAuthCombine-Community in Frameworks */ = {isa = PBXBuildFile; productRef = D98FFCA52B1511340056880A /* FirebaseAuthCombine-Community */; };
		D98FFCA82B1511340056880A /* FirebaseCrashlytics in Frameworks */ = {isa = PBXBuildFile; productRef = D98FFCA72B1511340056880A /* FirebaseCrashlytics */; };
		D98FFCAA2B1511340056880A /* FirebaseDatabase in Frameworks */ = {isa = PBXBuildFile; productRef = D98FFCA92B1511340056880A /* FirebaseDatabase */; };
		D98FFCAC2B1511340056880A /* FirebaseDatabaseSwift in Frameworks */ = {isa = PBXBuildFile; productRef = D98FFCAB2B1511340056880A /* FirebaseDatabaseSwift */; };
		D98FFCAE2B1511340056880A /* FirebaseDynamicLinks in Frameworks */ = {isa = PBXBuildFile; productRef = D98FFCAD2B1511340056880A /* FirebaseDynamicLinks */; };
		D98FFCB02B1511340056880A /* FirebaseFirestore in Frameworks */ = {isa = PBXBuildFile; productRef = D98FFCAF2B1511340056880A /* FirebaseFirestore */; };
		D98FFCB22B1511340056880A /* FirebaseFirestoreCombine-Community in Frameworks */ = {isa = PBXBuildFile; productRef = D98FFCB12B1511340056880A /* FirebaseFirestoreCombine-Community */; };
		D98FFCB42B1511340056880A /* FirebaseFirestoreSwift in Frameworks */ = {isa = PBXBuildFile; productRef = D98FFCB32B1511340056880A /* FirebaseFirestoreSwift */; };
		D98FFCB62B1511340056880A /* FirebaseFunctions in Frameworks */ = {isa = PBXBuildFile; productRef = D98FFCB52B1511340056880A /* FirebaseFunctions */; };
		D98FFCB82B1511340056880A /* FirebaseFunctionsCombine-Community in Frameworks */ = {isa = PBXBuildFile; productRef = D98FFCB72B1511340056880A /* FirebaseFunctionsCombine-Community */; };
		D98FFCBA2B1511340056880A /* FirebaseInAppMessaging-Beta in Frameworks */ = {isa = PBXBuildFile; productRef = D98FFCB92B1511340056880A /* FirebaseInAppMessaging-Beta */; };
		D98FFCBC2B1511340056880A /* FirebaseInAppMessagingSwift-Beta in Frameworks */ = {isa = PBXBuildFile; productRef = D98FFCBB2B1511340056880A /* FirebaseInAppMessagingSwift-Beta */; };
		D98FFCBE2B1511340056880A /* FirebaseInstallations in Frameworks */ = {isa = PBXBuildFile; productRef = D98FFCBD2B1511340056880A /* FirebaseInstallations */; };
		D98FFCC02B1511340056880A /* FirebaseMLModelDownloader in Frameworks */ = {isa = PBXBuildFile; productRef = D98FFCBF2B1511340056880A /* FirebaseMLModelDownloader */; };
		D98FFCC22B1511340056880A /* FirebaseMessaging in Frameworks */ = {isa = PBXBuildFile; productRef = D98FFCC12B1511340056880A /* FirebaseMessaging */; };
		D98FFCC42B1511340056880A /* FirebasePerformance in Frameworks */ = {isa = PBXBuildFile; productRef = D98FFCC32B1511340056880A /* FirebasePerformance */; };
		D98FFCC62B1511340056880A /* FirebaseRemoteConfig in Frameworks */ = {isa = PBXBuildFile; productRef = D98FFCC52B1511340056880A /* FirebaseRemoteConfig */; };
		D98FFCC82B1511340056880A /* FirebaseRemoteConfigSwift in Frameworks */ = {isa = PBXBuildFile; productRef = D98FFCC72B1511340056880A /* FirebaseRemoteConfigSwift */; };
/* End PBXBuildFile section */

/* Begin PBXFileReference section */
		D98FFC1B2B0D241C0056880A /* FitNotes-SwiftUI.app */ = {isa = PBXFileReference; explicitFileType = wrapper.application; includeInIndex = 0; path = "FitNotes-SwiftUI.app"; sourceTree = BUILT_PRODUCTS_DIR; };
		D98FFC1E2B0D241C0056880A /* FitNotes_SwiftUIApp.swift */ = {isa = PBXFileReference; lastKnownFileType = sourcecode.swift; path = FitNotes_SwiftUIApp.swift; sourceTree = "<group>"; };
		D98FFC202B0D241C0056880A /* ContentView.swift */ = {isa = PBXFileReference; lastKnownFileType = sourcecode.swift; path = ContentView.swift; sourceTree = "<group>"; };
		D98FFC222B0D241E0056880A /* Assets.xcassets */ = {isa = PBXFileReference; lastKnownFileType = folder.assetcatalog; path = Assets.xcassets; sourceTree = "<group>"; };
		D98FFC252B0D241E0056880A /* Preview Assets.xcassets */ = {isa = PBXFileReference; lastKnownFileType = folder.assetcatalog; path = "Preview Assets.xcassets"; sourceTree = "<group>"; };
		D98FFC2C2B0D267E0056880A /* CalendarCellView.swift */ = {isa = PBXFileReference; lastKnownFileType = sourcecode.swift; path = CalendarCellView.swift; sourceTree = "<group>"; };
		D98FFC2E2B0F63270056880A /* CalendarViewModel.swift */ = {isa = PBXFileReference; lastKnownFileType = sourcecode.swift; path = CalendarViewModel.swift; sourceTree = "<group>"; };
		D98FFC302B0F6F8C0056880A /* HomeView.swift */ = {isa = PBXFileReference; lastKnownFileType = sourcecode.swift; path = HomeView.swift; sourceTree = "<group>"; };
		D98FFC322B0FAC240056880A /* AddWorkoutView.swift */ = {isa = PBXFileReference; lastKnownFileType = sourcecode.swift; path = AddWorkoutView.swift; sourceTree = "<group>"; };
		D98FFC342B137BF80056880A /* WorkoutOverviewView.swift */ = {isa = PBXFileReference; lastKnownFileType = sourcecode.swift; path = WorkoutOverviewView.swift; sourceTree = "<group>"; };
		D98FFC872B13C1B60056880A /* GoogleService-Info.plist */ = {isa = PBXFileReference; fileEncoding = 4; lastKnownFileType = text.plist.xml; path = "GoogleService-Info.plist"; sourceTree = "<group>"; };
		D98FFC942B13C2D90056880A /* FirestoreManager.swift */ = {isa = PBXFileReference; lastKnownFileType = sourcecode.swift; path = FirestoreManager.swift; sourceTree = "<group>"; };
/* End PBXFileReference section */

/* Begin PBXFrameworksBuildPhase section */
		D98FFC182B0D241C0056880A /* Frameworks */ = {
			isa = PBXFrameworksBuildPhase;
			buildActionMask = 2147483647;
			files = (
				D98FFCBC2B1511340056880A /* FirebaseInAppMessagingSwift-Beta in Frameworks */,
				D98FFCAC2B1511340056880A /* FirebaseDatabaseSwift in Frameworks */,
				D98FFCAA2B1511340056880A /* FirebaseDatabase in Frameworks */,
				D98FFCC02B1511340056880A /* FirebaseMLModelDownloader in Frameworks */,
				D98FFCA02B1511340056880A /* FirebaseAppCheck in Frameworks */,
				D98FFCB82B1511340056880A /* FirebaseFunctionsCombine-Community in Frameworks */,
				D98FFCBE2B1511340056880A /* FirebaseInstallations in Frameworks */,
				D98FFCC22B1511340056880A /* FirebaseMessaging in Frameworks */,
				D98FFCA42B1511340056880A /* FirebaseAuth in Frameworks */,
				D98FFCC62B1511340056880A /* FirebaseRemoteConfig in Frameworks */,
				D98FFC9C2B1511340056880A /* FirebaseAnalyticsSwift in Frameworks */,
				D98FFCC42B1511340056880A /* FirebasePerformance in Frameworks */,
				D98FFCB02B1511340056880A /* FirebaseFirestore in Frameworks */,
				D98FFC382B13817D0056880A /* Collections in Frameworks */,
				D98FFCBA2B1511340056880A /* FirebaseInAppMessaging-Beta in Frameworks */,
				D98FFC3A2B13817D0056880A /* DequeModule in Frameworks */,
				D98FFC9A2B1511340056880A /* FirebaseAnalyticsOnDeviceConversion in Frameworks */,
				D98FFCC82B1511340056880A /* FirebaseRemoteConfigSwift in Frameworks */,
				D98FFCA62B1511340056880A /* FirebaseAuthCombine-Community in Frameworks */,
				D98FFCB62B1511340056880A /* FirebaseFunctions in Frameworks */,
				D98FFC9E2B1511340056880A /* FirebaseAnalyticsWithoutAdIdSupport in Frameworks */,
				D98FFCB22B1511340056880A /* FirebaseFirestoreCombine-Community in Frameworks */,
				D98FFC982B1511340056880A /* FirebaseAnalytics in Frameworks */,
				D98FFCA82B1511340056880A /* FirebaseCrashlytics in Frameworks */,
				D98FFC3C2B13817D0056880A /* OrderedCollections in Frameworks */,
				D98FFCA22B1511340056880A /* FirebaseAppDistribution-Beta in Frameworks */,
				D98FFCAE2B1511340056880A /* FirebaseDynamicLinks in Frameworks */,
				D98FFCB42B1511340056880A /* FirebaseFirestoreSwift in Frameworks */,
			);
			runOnlyForDeploymentPostprocessing = 0;
		};
/* End PBXFrameworksBuildPhase section */

/* Begin PBXGroup section */
		D98FFC122B0D241C0056880A = {
			isa = PBXGroup;
			children = (
				D98FFC1D2B0D241C0056880A /* FitNotes-SwiftUI */,
				D98FFC1C2B0D241C0056880A /* Products */,
			);
			sourceTree = "<group>";
		};
		D98FFC1C2B0D241C0056880A /* Products */ = {
			isa = PBXGroup;
			children = (
				D98FFC1B2B0D241C0056880A /* FitNotes-SwiftUI.app */,
			);
			name = Products;
			sourceTree = "<group>";
		};
		D98FFC1D2B0D241C0056880A /* FitNotes-SwiftUI */ = {
			isa = PBXGroup;
			children = (
				D98FFC872B13C1B60056880A /* GoogleService-Info.plist */,
				D98FFC1E2B0D241C0056880A /* FitNotes_SwiftUIApp.swift */,
				D98FFC202B0D241C0056880A /* ContentView.swift */,
				D98FFC222B0D241E0056880A /* Assets.xcassets */,
				D98FFC242B0D241E0056880A /* Preview Content */,
				D98FFC2C2B0D267E0056880A /* CalendarCellView.swift */,
				D98FFC2E2B0F63270056880A /* CalendarViewModel.swift */,
				D98FFC302B0F6F8C0056880A /* HomeView.swift */,
				D98FFC322B0FAC240056880A /* AddWorkoutView.swift */,
				D98FFC342B137BF80056880A /* WorkoutOverviewView.swift */,
				D98FFC942B13C2D90056880A /* FirestoreManager.swift */,
			);
			path = "FitNotes-SwiftUI";
			sourceTree = "<group>";
		};
		D98FFC242B0D241E0056880A /* Preview Content */ = {
			isa = PBXGroup;
			children = (
				D98FFC252B0D241E0056880A /* Preview Assets.xcassets */,
			);
			path = "Preview Content";
			sourceTree = "<group>";
		};
/* End PBXGroup section */

/* Begin PBXNativeTarget section */
		D98FFC1A2B0D241C0056880A /* FitNotes-SwiftUI */ = {
			isa = PBXNativeTarget;
			buildConfigurationList = D98FFC292B0D241E0056880A /* Build configuration list for PBXNativeTarget "FitNotes-SwiftUI" */;
			buildPhases = (
				D98FFC172B0D241C0056880A /* Sources */,
				D98FFC182B0D241C0056880A /* Frameworks */,
				D98FFC192B0D241C0056880A /* Resources */,
			);
			buildRules = (
			);
			dependencies = (
			);
			name = "FitNotes-SwiftUI";
			packageProductDependencies = (
				D98FFC372B13817D0056880A /* Collections */,
				D98FFC392B13817D0056880A /* DequeModule */,
				D98FFC3B2B13817D0056880A /* OrderedCollections */,
				D98FFC972B1511340056880A /* FirebaseAnalytics */,
				D98FFC992B1511340056880A /* FirebaseAnalyticsOnDeviceConversion */,
				D98FFC9B2B1511340056880A /* FirebaseAnalyticsSwift */,
				D98FFC9D2B1511340056880A /* FirebaseAnalyticsWithoutAdIdSupport */,
				D98FFC9F2B1511340056880A /* FirebaseAppCheck */,
				D98FFCA12B1511340056880A /* FirebaseAppDistribution-Beta */,
				D98FFCA32B1511340056880A /* FirebaseAuth */,
				D98FFCA52B1511340056880A /* FirebaseAuthCombine-Community */,
				D98FFCA72B1511340056880A /* FirebaseCrashlytics */,
				D98FFCA92B1511340056880A /* FirebaseDatabase */,
				D98FFCAB2B1511340056880A /* FirebaseDatabaseSwift */,
				D98FFCAD2B1511340056880A /* FirebaseDynamicLinks */,
				D98FFCAF2B1511340056880A /* FirebaseFirestore */,
				D98FFCB12B1511340056880A /* FirebaseFirestoreCombine-Community */,
				D98FFCB32B1511340056880A /* FirebaseFirestoreSwift */,
				D98FFCB52B1511340056880A /* FirebaseFunctions */,
				D98FFCB72B1511340056880A /* FirebaseFunctionsCombine-Community */,
				D98FFCB92B1511340056880A /* FirebaseInAppMessaging-Beta */,
				D98FFCBB2B1511340056880A /* FirebaseInAppMessagingSwift-Beta */,
				D98FFCBD2B1511340056880A /* FirebaseInstallations */,
				D98FFCBF2B1511340056880A /* FirebaseMLModelDownloader */,
				D98FFCC12B1511340056880A /* FirebaseMessaging */,
				D98FFCC32B1511340056880A /* FirebasePerformance */,
				D98FFCC52B1511340056880A /* FirebaseRemoteConfig */,
				D98FFCC72B1511340056880A /* FirebaseRemoteConfigSwift */,
			);
			productName = "FitNotes-SwiftUI";
			productReference = D98FFC1B2B0D241C0056880A /* FitNotes-SwiftUI.app */;
			productType = "com.apple.product-type.application";
		};
/* End PBXNativeTarget section */

/* Begin PBXProject section */
		D98FFC132B0D241C0056880A /* Project object */ = {
			isa = PBXProject;
			attributes = {
				BuildIndependentTargetsInParallel = 1;
				LastSwiftUpdateCheck = 1500;
				LastUpgradeCheck = 1500;
				TargetAttributes = {
					D98FFC1A2B0D241C0056880A = {
						CreatedOnToolsVersion = 15.0.1;
					};
				};
			};
			buildConfigurationList = D98FFC162B0D241C0056880A /* Build configuration list for PBXProject "FitNotes-SwiftUI" */;
			compatibilityVersion = "Xcode 14.0";
			developmentRegion = en;
			hasScannedForEncodings = 0;
			knownRegions = (
				en,
				Base,
			);
			mainGroup = D98FFC122B0D241C0056880A;
			packageReferences = (
				D98FFC362B13817D0056880A /* XCRemoteSwiftPackageReference "swift-collections" */,
				D98FFC962B1511330056880A /* XCRemoteSwiftPackageReference "firebase-ios-sdk" */,
			);
			productRefGroup = D98FFC1C2B0D241C0056880A /* Products */;
			projectDirPath = "";
			projectRoot = "";
			targets = (
				D98FFC1A2B0D241C0056880A /* FitNotes-SwiftUI */,
			);
		};
/* End PBXProject section */

/* Begin PBXResourcesBuildPhase section */
		D98FFC192B0D241C0056880A /* Resources */ = {
			isa = PBXResourcesBuildPhase;
			buildActionMask = 2147483647;
			files = (
				D98FFC262B0D241E0056880A /* Preview Assets.xcassets in Resources */,
				D98FFC232B0D241E0056880A /* Assets.xcassets in Resources */,
				D98FFC882B13C1B60056880A /* GoogleService-Info.plist in Resources */,
			);
			runOnlyForDeploymentPostprocessing = 0;
		};
/* End PBXResourcesBuildPhase section */

/* Begin PBXSourcesBuildPhase section */
		D98FFC172B0D241C0056880A /* Sources */ = {
			isa = PBXSourcesBuildPhase;
			buildActionMask = 2147483647;
			files = (
				D98FFC2F2B0F63270056880A /* CalendarViewModel.swift in Sources */,
				D98FFC2D2B0D267E0056880A /* CalendarCellView.swift in Sources */,
				D98FFC212B0D241C0056880A /* ContentView.swift in Sources */,
				D98FFC352B137BF80056880A /* WorkoutOverviewView.swift in Sources */,
				D98FFC312B0F6F8C0056880A /* HomeView.swift in Sources */,
				D98FFC332B0FAC240056880A /* AddWorkoutView.swift in Sources */,
				D98FFC1F2B0D241C0056880A /* FitNotes_SwiftUIApp.swift in Sources */,
				D98FFC952B13C2D90056880A /* FirestoreManager.swift in Sources */,
			);
			runOnlyForDeploymentPostprocessing = 0;
		};
/* End PBXSourcesBuildPhase section */

/* Begin XCBuildConfiguration section */
		D98FFC272B0D241E0056880A /* Debug */ = {
			isa = XCBuildConfiguration;
			buildSettings = {
				ALWAYS_SEARCH_USER_PATHS = NO;
				ASSETCATALOG_COMPILER_GENERATE_SWIFT_ASSET_SYMBOL_EXTENSIONS = YES;
				CLANG_ANALYZER_NONNULL = YES;
				CLANG_ANALYZER_NUMBER_OBJECT_CONVERSION = YES_AGGRESSIVE;
				CLANG_CXX_LANGUAGE_STANDARD = "gnu++20";
				CLANG_ENABLE_MODULES = YES;
				CLANG_ENABLE_OBJC_ARC = YES;
				CLANG_ENABLE_OBJC_WEAK = YES;
				CLANG_WARN_BLOCK_CAPTURE_AUTORELEASING = YES;
				CLANG_WARN_BOOL_CONVERSION = YES;
				CLANG_WARN_COMMA = YES;
				CLANG_WARN_CONSTANT_CONVERSION = YES;
				CLANG_WARN_DEPRECATED_OBJC_IMPLEMENTATIONS = YES;
				CLANG_WARN_DIRECT_OBJC_ISA_USAGE = YES_ERROR;
				CLANG_WARN_DOCUMENTATION_COMMENTS = YES;
				CLANG_WARN_EMPTY_BODY = YES;
				CLANG_WARN_ENUM_CONVERSION = YES;
				CLANG_WARN_INFINITE_RECURSION = YES;
				CLANG_WARN_INT_CONVERSION = YES;
				CLANG_WARN_NON_LITERAL_NULL_CONVERSION = YES;
				CLANG_WARN_OBJC_IMPLICIT_RETAIN_SELF = YES;
				CLANG_WARN_OBJC_LITERAL_CONVERSION = YES;
				CLANG_WARN_OBJC_ROOT_CLASS = YES_ERROR;
				CLANG_WARN_QUOTED_INCLUDE_IN_FRAMEWORK_HEADER = YES;
				CLANG_WARN_RANGE_LOOP_ANALYSIS = YES;
				CLANG_WARN_STRICT_PROTOTYPES = YES;
				CLANG_WARN_SUSPICIOUS_MOVE = YES;
				CLANG_WARN_UNGUARDED_AVAILABILITY = YES_AGGRESSIVE;
				CLANG_WARN_UNREACHABLE_CODE = YES;
				CLANG_WARN__DUPLICATE_METHOD_MATCH = YES;
				COPY_PHASE_STRIP = NO;
				DEBUG_INFORMATION_FORMAT = dwarf;
				ENABLE_STRICT_OBJC_MSGSEND = YES;
				ENABLE_TESTABILITY = YES;
				ENABLE_USER_SCRIPT_SANDBOXING = YES;
				GCC_C_LANGUAGE_STANDARD = gnu17;
				GCC_DYNAMIC_NO_PIC = NO;
				GCC_NO_COMMON_BLOCKS = YES;
				GCC_OPTIMIZATION_LEVEL = 0;
				GCC_PREPROCESSOR_DEFINITIONS = (
					"DEBUG=1",
					"$(inherited)",
				);
				GCC_WARN_64_TO_32_BIT_CONVERSION = YES;
				GCC_WARN_ABOUT_RETURN_TYPE = YES_ERROR;
				GCC_WARN_UNDECLARED_SELECTOR = YES;
				GCC_WARN_UNINITIALIZED_AUTOS = YES_AGGRESSIVE;
				GCC_WARN_UNUSED_FUNCTION = YES;
				GCC_WARN_UNUSED_VARIABLE = YES;
				IPHONEOS_DEPLOYMENT_TARGET = 17.0;
				LOCALIZATION_PREFERS_STRING_CATALOGS = YES;
				MTL_ENABLE_DEBUG_INFO = INCLUDE_SOURCE;
				MTL_FAST_MATH = YES;
				ONLY_ACTIVE_ARCH = YES;
				"OTHER_LDFLAGS[arch=*]" = "-ObjC";
				SDKROOT = iphoneos;
				SWIFT_ACTIVE_COMPILATION_CONDITIONS = "DEBUG $(inherited)";
				SWIFT_OPTIMIZATION_LEVEL = "-Onone";
			};
			name = Debug;
		};
		D98FFC282B0D241E0056880A /* Release */ = {
			isa = XCBuildConfiguration;
			buildSettings = {
				ALWAYS_SEARCH_USER_PATHS = NO;
				ASSETCATALOG_COMPILER_GENERATE_SWIFT_ASSET_SYMBOL_EXTENSIONS = YES;
				CLANG_ANALYZER_NONNULL = YES;
				CLANG_ANALYZER_NUMBER_OBJECT_CONVERSION = YES_AGGRESSIVE;
				CLANG_CXX_LANGUAGE_STANDARD = "gnu++20";
				CLANG_ENABLE_MODULES = YES;
				CLANG_ENABLE_OBJC_ARC = YES;
				CLANG_ENABLE_OBJC_WEAK = YES;
				CLANG_WARN_BLOCK_CAPTURE_AUTORELEASING = YES;
				CLANG_WARN_BOOL_CONVERSION = YES;
				CLANG_WARN_COMMA = YES;
				CLANG_WARN_CONSTANT_CONVERSION = YES;
				CLANG_WARN_DEPRECATED_OBJC_IMPLEMENTATIONS = YES;
				CLANG_WARN_DIRECT_OBJC_ISA_USAGE = YES_ERROR;
				CLANG_WARN_DOCUMENTATION_COMMENTS = YES;
				CLANG_WARN_EMPTY_BODY = YES;
				CLANG_WARN_ENUM_CONVERSION = YES;
				CLANG_WARN_INFINITE_RECURSION = YES;
				CLANG_WARN_INT_CONVERSION = YES;
				CLANG_WARN_NON_LITERAL_NULL_CONVERSION = YES;
				CLANG_WARN_OBJC_IMPLICIT_RETAIN_SELF = YES;
				CLANG_WARN_OBJC_LITERAL_CONVERSION = YES;
				CLANG_WARN_OBJC_ROOT_CLASS = YES_ERROR;
				CLANG_WARN_QUOTED_INCLUDE_IN_FRAMEWORK_HEADER = YES;
				CLANG_WARN_RANGE_LOOP_ANALYSIS = YES;
				CLANG_WARN_STRICT_PROTOTYPES = YES;
				CLANG_WARN_SUSPICIOUS_MOVE = YES;
				CLANG_WARN_UNGUARDED_AVAILABILITY = YES_AGGRESSIVE;
				CLANG_WARN_UNREACHABLE_CODE = YES;
				CLANG_WARN__DUPLICATE_METHOD_MATCH = YES;
				COPY_PHASE_STRIP = NO;
				DEBUG_INFORMATION_FORMAT = "dwarf-with-dsym";
				ENABLE_NS_ASSERTIONS = NO;
				ENABLE_STRICT_OBJC_MSGSEND = YES;
				ENABLE_USER_SCRIPT_SANDBOXING = YES;
				GCC_C_LANGUAGE_STANDARD = gnu17;
				GCC_NO_COMMON_BLOCKS = YES;
				GCC_WARN_64_TO_32_BIT_CONVERSION = YES;
				GCC_WARN_ABOUT_RETURN_TYPE = YES_ERROR;
				GCC_WARN_UNDECLARED_SELECTOR = YES;
				GCC_WARN_UNINITIALIZED_AUTOS = YES_AGGRESSIVE;
				GCC_WARN_UNUSED_FUNCTION = YES;
				GCC_WARN_UNUSED_VARIABLE = YES;
				IPHONEOS_DEPLOYMENT_TARGET = 17.0;
				LOCALIZATION_PREFERS_STRING_CATALOGS = YES;
				MTL_ENABLE_DEBUG_INFO = NO;
				MTL_FAST_MATH = YES;
				"OTHER_LDFLAGS[arch=*]" = "-ObjC";
				SDKROOT = iphoneos;
				SWIFT_COMPILATION_MODE = wholemodule;
				VALIDATE_PRODUCT = YES;
			};
			name = Release;
		};
		D98FFC2A2B0D241E0056880A /* Debug */ = {
			isa = XCBuildConfiguration;
			buildSettings = {
				ASSETCATALOG_COMPILER_APPICON_NAME = AppIcon;
				ASSETCATALOG_COMPILER_GLOBAL_ACCENT_COLOR_NAME = AccentColor;
				CODE_SIGN_STYLE = Automatic;
				CURRENT_PROJECT_VERSION = 1;
				DEVELOPMENT_ASSET_PATHS = "\"FitNotes-SwiftUI/Preview Content\"";
				ENABLE_PREVIEWS = YES;
				GENERATE_INFOPLIST_FILE = YES;
				INFOPLIST_KEY_UIApplicationSceneManifest_Generation = YES;
				INFOPLIST_KEY_UIApplicationSupportsIndirectInputEvents = YES;
				INFOPLIST_KEY_UILaunchScreen_Generation = YES;
				INFOPLIST_KEY_UISupportedInterfaceOrientations_iPad = "UIInterfaceOrientationPortrait UIInterfaceOrientationPortraitUpsideDown UIInterfaceOrientationLandscapeLeft UIInterfaceOrientationLandscapeRight";
				INFOPLIST_KEY_UISupportedInterfaceOrientations_iPhone = "UIInterfaceOrientationPortrait UIInterfaceOrientationLandscapeLeft UIInterfaceOrientationLandscapeRight";
				LD_RUNPATH_SEARCH_PATHS = (
					"$(inherited)",
					"@executable_path/Frameworks",
				);
				MARKETING_VERSION = 1.0;
				PRODUCT_BUNDLE_IDENTIFIER = "com.app.FitNotes-SwiftUI";
				PRODUCT_NAME = "$(TARGET_NAME)";
				SWIFT_EMIT_LOC_STRINGS = YES;
				SWIFT_VERSION = 5.0;
				TARGETED_DEVICE_FAMILY = "1,2";
			};
			name = Debug;
		};
		D98FFC2B2B0D241E0056880A /* Release */ = {
			isa = XCBuildConfiguration;
			buildSettings = {
				ASSETCATALOG_COMPILER_APPICON_NAME = AppIcon;
				ASSETCATALOG_COMPILER_GLOBAL_ACCENT_COLOR_NAME = AccentColor;
				CODE_SIGN_STYLE = Automatic;
				CURRENT_PROJECT_VERSION = 1;
				DEVELOPMENT_ASSET_PATHS = "\"FitNotes-SwiftUI/Preview Content\"";
				ENABLE_PREVIEWS = YES;
				GENERATE_INFOPLIST_FILE = YES;
				INFOPLIST_KEY_UIApplicationSceneManifest_Generation = YES;
				INFOPLIST_KEY_UIApplicationSupportsIndirectInputEvents = YES;
				INFOPLIST_KEY_UILaunchScreen_Generation = YES;
				INFOPLIST_KEY_UISupportedInterfaceOrientations_iPad = "UIInterfaceOrientationPortrait UIInterfaceOrientationPortraitUpsideDown UIInterfaceOrientationLandscapeLeft UIInterfaceOrientationLandscapeRight";
				INFOPLIST_KEY_UISupportedInterfaceOrientations_iPhone = "UIInterfaceOrientationPortrait UIInterfaceOrientationLandscapeLeft UIInterfaceOrientationLandscapeRight";
				LD_RUNPATH_SEARCH_PATHS = (
					"$(inherited)",
					"@executable_path/Frameworks",
				);
				MARKETING_VERSION = 1.0;
				PRODUCT_BUNDLE_IDENTIFIER = "com.app.FitNotes-SwiftUI";
				PRODUCT_NAME = "$(TARGET_NAME)";
				SWIFT_EMIT_LOC_STRINGS = YES;
				SWIFT_VERSION = 5.0;
				TARGETED_DEVICE_FAMILY = "1,2";
			};
			name = Release;
		};
/* End XCBuildConfiguration section */

/* Begin XCConfigurationList section */
		D98FFC162B0D241C0056880A /* Build configuration list for PBXProject "FitNotes-SwiftUI" */ = {
			isa = XCConfigurationList;
			buildConfigurations = (
				D98FFC272B0D241E0056880A /* Debug */,
				D98FFC282B0D241E0056880A /* Release */,
			);
			defaultConfigurationIsVisible = 0;
			defaultConfigurationName = Release;
		};
		D98FFC292B0D241E0056880A /* Build configuration list for PBXNativeTarget "FitNotes-SwiftUI" */ = {
			isa = XCConfigurationList;
			buildConfigurations = (
				D98FFC2A2B0D241E0056880A /* Debug */,
				D98FFC2B2B0D241E0056880A /* Release */,
			);
			defaultConfigurationIsVisible = 0;
			defaultConfigurationName = Release;
		};
/* End XCConfigurationList section */

/* Begin XCRemoteSwiftPackageReference section */
		D98FFC362B13817D0056880A /* XCRemoteSwiftPackageReference "swift-collections" */ = {
			isa = XCRemoteSwiftPackageReference;
			repositoryURL = "https://github.com/apple/swift-collections.git";
			requirement = {
				kind = upToNextMajorVersion;
				minimumVersion = 1.0.5;
			};
		};
		D98FFC962B1511330056880A /* XCRemoteSwiftPackageReference "firebase-ios-sdk" */ = {
			isa = XCRemoteSwiftPackageReference;
			repositoryURL = "https://github.com/firebase/firebase-ios-sdk";
			requirement = {
				kind = upToNextMajorVersion;
				minimumVersion = 10.18.0;
			};
		};
/* End XCRemoteSwiftPackageReference section */

/* Begin XCSwiftPackageProductDependency section */
		D98FFC372B13817D0056880A /* Collections */ = {
			isa = XCSwiftPackageProductDependency;
			package = D98FFC362B13817D0056880A /* XCRemoteSwiftPackageReference "swift-collections" */;
			productName = Collections;
		};
		D98FFC392B13817D0056880A /* DequeModule */ = {
			isa = XCSwiftPackageProductDependency;
			package = D98FFC362B13817D0056880A /* XCRemoteSwiftPackageReference "swift-collections" */;
			productName = DequeModule;
		};
		D98FFC3B2B13817D0056880A /* OrderedCollections */ = {
			isa = XCSwiftPackageProductDependency;
			package = D98FFC362B13817D0056880A /* XCRemoteSwiftPackageReference "swift-collections" */;
			productName = OrderedCollections;
		};
		D98FFC972B1511340056880A /* FirebaseAnalytics */ = {
			isa = XCSwiftPackageProductDependency;
			package = D98FFC962B1511330056880A /* XCRemoteSwiftPackageReference "firebase-ios-sdk" */;
			productName = FirebaseAnalytics;
		};
		D98FFC992B1511340056880A /* FirebaseAnalyticsOnDeviceConversion */ = {
			isa = XCSwiftPackageProductDependency;
			package = D98FFC962B1511330056880A /* XCRemoteSwiftPackageReference "firebase-ios-sdk" */;
			productName = FirebaseAnalyticsOnDeviceConversion;
		};
		D98FFC9B2B1511340056880A /* FirebaseAnalyticsSwift */ = {
			isa = XCSwiftPackageProductDependency;
			package = D98FFC962B1511330056880A /* XCRemoteSwiftPackageReference "firebase-ios-sdk" */;
			productName = FirebaseAnalyticsSwift;
		};
		D98FFC9D2B1511340056880A /* FirebaseAnalyticsWithoutAdIdSupport */ = {
			isa = XCSwiftPackageProductDependency;
			package = D98FFC962B1511330056880A /* XCRemoteSwiftPackageReference "firebase-ios-sdk" */;
			productName = FirebaseAnalyticsWithoutAdIdSupport;
		};
		D98FFC9F2B1511340056880A /* FirebaseAppCheck */ = {
			isa = XCSwiftPackageProductDependency;
			package = D98FFC962B1511330056880A /* XCRemoteSwiftPackageReference "firebase-ios-sdk" */;
			productName = FirebaseAppCheck;
		};
		D98FFCA12B1511340056880A /* FirebaseAppDistribution-Beta */ = {
			isa = XCSwiftPackageProductDependency;
			package = D98FFC962B1511330056880A /* XCRemoteSwiftPackageReference "firebase-ios-sdk" */;
			productName = "FirebaseAppDistribution-Beta";
		};
		D98FFCA32B1511340056880A /* FirebaseAuth */ = {
			isa = XCSwiftPackageProductDependency;
			package = D98FFC962B1511330056880A /* XCRemoteSwiftPackageReference "firebase-ios-sdk" */;
			productName = FirebaseAuth;
		};
		D98FFCA52B1511340056880A /* FirebaseAuthCombine-Community */ = {
			isa = XCSwiftPackageProductDependency;
			package = D98FFC962B1511330056880A /* XCRemoteSwiftPackageReference "firebase-ios-sdk" */;
			productName = "FirebaseAuthCombine-Community";
		};
		D98FFCA72B1511340056880A /* FirebaseCrashlytics */ = {
			isa = XCSwiftPackageProductDependency;
			package = D98FFC962B1511330056880A /* XCRemoteSwiftPackageReference "firebase-ios-sdk" */;
			productName = FirebaseCrashlytics;
		};
		D98FFCA92B1511340056880A /* FirebaseDatabase */ = {
			isa = XCSwiftPackageProductDependency;
			package = D98FFC962B1511330056880A /* XCRemoteSwiftPackageReference "firebase-ios-sdk" */;
			productName = FirebaseDatabase;
		};
		D98FFCAB2B1511340056880A /* FirebaseDatabaseSwift */ = {
			isa = XCSwiftPackageProductDependency;
			package = D98FFC962B1511330056880A /* XCRemoteSwiftPackageReference "firebase-ios-sdk" */;
			productName = FirebaseDatabaseSwift;
		};
		D98FFCAD2B1511340056880A /* FirebaseDynamicLinks */ = {
			isa = XCSwiftPackageProductDependency;
			package = D98FFC962B1511330056880A /* XCRemoteSwiftPackageReference "firebase-ios-sdk" */;
			productName = FirebaseDynamicLinks;
		};
		D98FFCAF2B1511340056880A /* FirebaseFirestore */ = {
			isa = XCSwiftPackageProductDependency;
			package = D98FFC962B1511330056880A /* XCRemoteSwiftPackageReference "firebase-ios-sdk" */;
			productName = FirebaseFirestore;
		};
		D98FFCB12B1511340056880A /* FirebaseFirestoreCombine-Community */ = {
			isa = XCSwiftPackageProductDependency;
			package = D98FFC962B1511330056880A /* XCRemoteSwiftPackageReference "firebase-ios-sdk" */;
			productName = "FirebaseFirestoreCombine-Community";
		};
		D98FFCB32B1511340056880A /* FirebaseFirestoreSwift */ = {
			isa = XCSwiftPackageProductDependency;
			package = D98FFC962B1511330056880A /* XCRemoteSwiftPackageReference "firebase-ios-sdk" */;
			productName = FirebaseFirestoreSwift;
		};
		D98FFCB52B1511340056880A /* FirebaseFunctions */ = {
			isa = XCSwiftPackageProductDependency;
			package = D98FFC962B1511330056880A /* XCRemoteSwiftPackageReference "firebase-ios-sdk" */;
			productName = FirebaseFunctions;
		};
		D98FFCB72B1511340056880A /* FirebaseFunctionsCombine-Community */ = {
			isa = XCSwiftPackageProductDependency;
			package = D98FFC962B1511330056880A /* XCRemoteSwiftPackageReference "firebase-ios-sdk" */;
			productName = "FirebaseFunctionsCombine-Community";
		};
		D98FFCB92B1511340056880A /* FirebaseInAppMessaging-Beta */ = {
			isa = XCSwiftPackageProductDependency;
			package = D98FFC962B1511330056880A /* XCRemoteSwiftPackageReference "firebase-ios-sdk" */;
			productName = "FirebaseInAppMessaging-Beta";
		};
		D98FFCBB2B1511340056880A /* FirebaseInAppMessagingSwift-Beta */ = {
			isa = XCSwiftPackageProductDependency;
			package = D98FFC962B1511330056880A /* XCRemoteSwiftPackageReference "firebase-ios-sdk" */;
			productName = "FirebaseInAppMessagingSwift-Beta";
		};
		D98FFCBD2B1511340056880A /* FirebaseInstallations */ = {
			isa = XCSwiftPackageProductDependency;
			package = D98FFC962B1511330056880A /* XCRemoteSwiftPackageReference "firebase-ios-sdk" */;
			productName = FirebaseInstallations;
		};
		D98FFCBF2B1511340056880A /* FirebaseMLModelDownloader */ = {
			isa = XCSwiftPackageProductDependency;
			package = D98FFC962B1511330056880A /* XCRemoteSwiftPackageReference "firebase-ios-sdk" */;
			productName = FirebaseMLModelDownloader;
		};
		D98FFCC12B1511340056880A /* FirebaseMessaging */ = {
			isa = XCSwiftPackageProductDependency;
			package = D98FFC962B1511330056880A /* XCRemoteSwiftPackageReference "firebase-ios-sdk" */;
			productName = FirebaseMessaging;
		};
		D98FFCC32B1511340056880A /* FirebasePerformance */ = {
			isa = XCSwiftPackageProductDependency;
			package = D98FFC962B1511330056880A /* XCRemoteSwiftPackageReference "firebase-ios-sdk" */;
			productName = FirebasePerformance;
		};
		D98FFCC52B1511340056880A /* FirebaseRemoteConfig */ = {
			isa = XCSwiftPackageProductDependency;
			package = D98FFC962B1511330056880A /* XCRemoteSwiftPackageReference "firebase-ios-sdk" */;
			productName = FirebaseRemoteConfig;
		};
		D98FFCC72B1511340056880A /* FirebaseRemoteConfigSwift */ = {
			isa = XCSwiftPackageProductDependency;
			package = D98FFC962B1511330056880A /* XCRemoteSwiftPackageReference "firebase-ios-sdk" */;
			productName = FirebaseRemoteConfigSwift;
		};
/* End XCSwiftPackageProductDependency section */
	};
	rootObject = D98FFC132B0D241C0056880A /* Project object */;
}
